
Microsoft Visual Studio Solution File, Format Version 12.00
# Visual Studio Version 16
VisualStudioVersion = 16.0.29728.190
MinimumVisualStudioVersion = 10.0.40219.1
Project("{2150E333-8FDC-42A3-9474-1A3956D46DE8}") = "Sales", "Sales", "{C5DF69D5-9A9A-4C70-AD66-B3155AB4031C}"
EndProject
Project("{2150E333-8FDC-42A3-9474-1A3956D46DE8}") = "Domain", "Domain", "{DCCAB99F-2853-49C8-9460-9F9388861356}"
EndProject
Project("{9A19103F-16F7-4668-BE54-9A1E7A4F7556}") = "Sales.Domain", "Sales.Domain\Sales.Domain.csproj", "{B230458E-480A-41CA-A7D2-408E4AB65A99}"
EndProject
Project("{2150E333-8FDC-42A3-9474-1A3956D46DE8}") = "0_Framework", "0_Framework", "{6BE9936B-0B63-4AF5-82E6-EBD1927861CB}"
EndProject
Project("{9A19103F-16F7-4668-BE54-9A1E7A4F7556}") = "Framework.Domain", "Framework.Domain\Framework.Domain.csproj", "{A245C415-901F-4C7D-8305-0F809539F2F9}"
EndProject
Project("{9A19103F-16F7-4668-BE54-9A1E7A4F7556}") = "Framework.Core", "Framework.Core\Framework.Core.csproj", "{48E62112-606F-4128-8F66-7E7C19D97986}"
EndProject
Project("{2150E333-8FDC-42A3-9474-1A3956D46DE8}") = "Infrastructure", "Infrastructure", "{B9B0770D-CEEB-4F43-A116-39678D36925B}"
EndProject
Project("{9A19103F-16F7-4668-BE54-9A1E7A4F7556}") = "Sales.Persistence.NH", "Sales.Persistence.NH\Sales.Persistence.NH.csproj", "{E8C3CDB3-FF64-445A-9F7E-FFAFE52CB8F8}"
EndProject
Project("{9A19103F-16F7-4668-BE54-9A1E7A4F7556}") = "Framework.NH", "Framework.NH\Framework.NH.csproj", "{9529963B-0B69-4515-A286-1221436608D6}"
EndProject
Project("{2150E333-8FDC-42A3-9474-1A3956D46DE8}") = "Application", "Application", "{CB127B69-53A8-4D10-9425-41741160C618}"
EndProject
Project("{9A19103F-16F7-4668-BE54-9A1E7A4F7556}") = "Sales.Application", "Sales.Application\Sales.Application.csproj", "{586D18EF-ABA4-422A-B5B7-7DE493FCF235}"
EndProject
Project("{9A19103F-16F7-4668-BE54-9A1E7A4F7556}") = "Framework.Application", "Framework.Application\Framework.Application.csproj", "{0464CDEC-1D9E-4557-A2E6-049DDD0B2F1C}"
EndProject
Project("{2150E333-8FDC-42A3-9474-1A3956D46DE8}") = "Interface", "Interface", "{09A92EBA-9EEC-4468-AA94-D4C914765716}"
EndProject
Project("{9A19103F-16F7-4668-BE54-9A1E7A4F7556}") = "Sales.Interface.Facade.Contracts", "Sales.Interface.Facade.Contracts\Sales.Interface.Facade.Contracts.csproj", "{34368C9F-7072-4ED2-BA8C-802D513DF943}"
EndProject
Project("{9A19103F-16F7-4668-BE54-9A1E7A4F7556}") = "Sales.Interface.Facade", "Sales.Interface.Facade\Sales.Interface.Facade.csproj", "{8D920835-E64E-4685-A770-39137B352020}"
EndProject
Project("{9A19103F-16F7-4668-BE54-9A1E7A4F7556}") = "Framework.Config", "Framework.Config\Framework.Config.csproj", "{A68BBFC6-832B-48DE-BF66-9F23885B6501}"
EndProject
Project("{9A19103F-16F7-4668-BE54-9A1E7A4F7556}") = "Sales.Config", "Sales.Config\Sales.Config.csproj", "{BE82CB66-6286-4DD2-894B-DE70BEC0FC57}"
EndProject
Project("{2150E333-8FDC-42A3-9474-1A3956D46DE8}") = "Shipping", "Shipping", "{DA43FA6E-E267-4280-956B-2ABC6637F24D}"
EndProject
Project("{2150E333-8FDC-42A3-9474-1A3956D46DE8}") = "Domain", "Domain", "{6A67294B-6348-45C3-B7FD-BDFACCFAA5AE}"
EndProject
Project("{9A19103F-16F7-4668-BE54-9A1E7A4F7556}") = "Shipping.Domain", "Shipping.Domain\Shipping.Domain.csproj", "{DE2E204D-D975-4386-A709-D684EE5F02C0}"
EndProject
Project("{2150E333-8FDC-42A3-9474-1A3956D46DE8}") = "Warehouse", "Warehouse", "{51D193B7-03C4-4626-9A1F-42EEF5563784}"
EndProject
Project("{2150E333-8FDC-42A3-9474-1A3956D46DE8}") = "Billing", "Billing", "{761962E8-8819-48EB-A527-847D0B280915}"
EndProject
Project("{2150E333-8FDC-42A3-9474-1A3956D46DE8}") = "Customer", "Customer", "{49F0F736-83CB-432D-AA7F-D5C4CBADFE06}"
EndProject
Project("{2150E333-8FDC-42A3-9474-1A3956D46DE8}") = "Domain", "Domain", "{45B4E78B-BFA0-4133-9548-B8490CEB59F2}"
EndProject
Project("{9A19103F-16F7-4668-BE54-9A1E7A4F7556}") = "Warehouse.Domain", "Warehouse.Domain\Warehouse.Domain.csproj", "{12693FB7-BA8F-4229-BFF2-8E0DE0BA9B00}"
EndProject
Project("{9A19103F-16F7-4668-BE54-9A1E7A4F7556}") = "Sales.Domain.Contracts", "Sales.Domain.Contracts\Sales.Domain.Contracts.csproj", "{D3112DA4-FE9D-45BB-AF22-F8DC2F301CBE}"
EndProject
Project("{2150E333-8FDC-42A3-9474-1A3956D46DE8}") = "Interface", "Interface", "{1E241E44-7E09-4C1F-96ED-4D573B09E4F3}"
EndProject
Project("{2150E333-8FDC-42A3-9474-1A3956D46DE8}") = "Infrastructure", "Infrastructure", "{F3319603-802F-4267-8FBA-D78A0A5F59A2}"
EndProject
Project("{9A19103F-16F7-4668-BE54-9A1E7A4F7556}") = "Warehouse.Config", "Warehouse.Config\Warehouse.Config.csproj", "{151E0ACC-25C6-4478-8777-E7FD38AC58B2}"
EndProject
Project("{9A19103F-16F7-4668-BE54-9A1E7A4F7556}") = "Warehouse.Persistence.NH", "Warehouse.Persistence.NH\Warehouse.Persistence.NH.csproj", "{C78287FF-3CD4-4D9A-804C-3CFFC7D734A7}"
EndProject
Project("{9A19103F-16F7-4668-BE54-9A1E7A4F7556}") = "Warehouse.Interface.Facade", "Warehouse.Interface.Facade\Warehouse.Interface.Facade.csproj", "{82EB06F7-6640-4E30-BC9F-98D5A2942AA9}"
EndProject
Project("{2150E333-8FDC-42A3-9474-1A3956D46DE8}") = "Application", "Application", "{B6F387B1-61F1-48E4-AFEC-FFA5438BD2F5}"
EndProject
Project("{9A19103F-16F7-4668-BE54-9A1E7A4F7556}") = "Warehouse.Application", "Warehouse.Application\Warehouse.Application.csproj", "{827558DB-B961-4E43-8283-6EFA4D01A38B}"
EndProject
Project("{9A19103F-16F7-4668-BE54-9A1E7A4F7556}") = "Warehouse.Interface.Facade.Contracts", "Warehouse.Interface.Facade.Contracts\Warehouse.Interface.Facade.Contracts.csproj", "{75FEC99D-FC85-4748-AC6C-385B805094AB}"
EndProject
Project("{9A19103F-16F7-4668-BE54-9A1E7A4F7556}") = "Warehouse.Domain.Contracts", "Warehouse.Domain.Contracts\Warehouse.Domain.Contracts.csproj", "{66C3A49E-FD8C-4DB1-85A5-11CD311C4725}"
EndProject
Project("{9A19103F-16F7-4668-BE54-9A1E7A4F7556}") = "Sales.Interface.Api", "Sales.Interface.Api\Sales.Interface.Api.csproj", "{0AC1E79B-5876-4FB1-8BEE-1D9759F3632E}"
EndProject
Project("{9A19103F-16F7-4668-BE54-9A1E7A4F7556}") = "Warehouse.Interface.RabbitMq", "Warehouse.Interface.RabbitMq\Warehouse.Interface.RabbitMq.csproj", "{0FF8959F-C188-456C-B1B6-7FFD2372D2E9}"
EndProject
Project("{9A19103F-16F7-4668-BE54-9A1E7A4F7556}") = "Warehouse.Interface.Api", "Warehouse.Interface.Api\Warehouse.Interface.Api.csproj", "{7F1028A1-5513-4967-8DD3-97645132AC98}"
EndProject
Project("{9A19103F-16F7-4668-BE54-9A1E7A4F7556}") = "Sales.Interface.RabbitMq", "Sales.Interface.RabbitMq\Sales.Interface.RabbitMq.csproj", "{5B195D59-5B51-4CF5-B93F-7B375FC7E458}"
EndProject
Project("{2150E333-8FDC-42A3-9474-1A3956D46DE8}") = "1_EventDispatcher", "1_EventDispatcher", "{5E5CE1C1-6A87-4255-9040-A827FE8EC89A}"
EndProject
Project("{9A19103F-16F7-4668-BE54-9A1E7A4F7556}") = "EventDispatcher", "EventDispatcher\EventDispatcher.csproj", "{5249FD29-4796-401A-A071-2030EB390843}"
EndProject
Project("{2150E333-8FDC-42A3-9474-1A3956D46DE8}") = "Web", "Web", "{AB8BEFDB-0303-4129-9680-7BCC602A7D78}"
EndProject
Project("{E24C65DC-7377-472B-9ABA-BC803B73C61A}") = "WebSPA", "WebSPA\", "{104D0674-333F-4753-9B7A-219CE63F5DAC}"
	ProjectSection(WebsiteProperties) = preProject
		TargetFrameworkMoniker = ".NETFramework,Version%3Dv4.0"
		Debug.AspNetCompiler.VirtualPath = "/localhost_49553"
		Debug.AspNetCompiler.PhysicalPath = "WebSPA\"
		Debug.AspNetCompiler.TargetPath = "PrecompiledWeb\localhost_49553\"
		Debug.AspNetCompiler.Updateable = "true"
		Debug.AspNetCompiler.ForceOverwrite = "true"
		Debug.AspNetCompiler.FixedNames = "false"
		Debug.AspNetCompiler.Debug = "True"
		Release.AspNetCompiler.VirtualPath = "/localhost_49553"
		Release.AspNetCompiler.PhysicalPath = "WebSPA\"
		Release.AspNetCompiler.TargetPath = "PrecompiledWeb\localhost_49553\"
		Release.AspNetCompiler.Updateable = "true"
		Release.AspNetCompiler.ForceOverwrite = "true"
		Release.AspNetCompiler.FixedNames = "false"
		Release.AspNetCompiler.Debug = "False"
		VWDPort = "49553"
		SlnRelativePath = "WebSPA\"
	EndProjectSection
EndProject
Project("{E53339B2-1760-4266-BCC7-CA923CBCF16C}") = "docker-compose", "docker-compose.dcproj", "{DFA9852F-5198-44B1-A5A9-AC337A73928D}"
EndProject
Project("{9A19103F-16F7-4668-BE54-9A1E7A4F7556}") = "Sales.Domain.Tests", "Sales.Domain.Tests\Sales.Domain.Tests.csproj", "{CF461D44-1CAB-4B3B-9C78-EB3BB64D1FE3}"
EndProject
Global
	GlobalSection(SolutionConfigurationPlatforms) = preSolution
		Debug|Any CPU = Debug|Any CPU
		Release|Any CPU = Release|Any CPU
	EndGlobalSection
	GlobalSection(ProjectConfigurationPlatforms) = postSolution
		{B230458E-480A-41CA-A7D2-408E4AB65A99}.Debug|Any CPU.ActiveCfg = Debug|Any CPU
		{B230458E-480A-41CA-A7D2-408E4AB65A99}.Debug|Any CPU.Build.0 = Debug|Any CPU
		{B230458E-480A-41CA-A7D2-408E4AB65A99}.Release|Any CPU.ActiveCfg = Release|Any CPU
		{B230458E-480A-41CA-A7D2-408E4AB65A99}.Release|Any CPU.Build.0 = Release|Any CPU
		{A245C415-901F-4C7D-8305-0F809539F2F9}.Debug|Any CPU.ActiveCfg = Debug|Any CPU
		{A245C415-901F-4C7D-8305-0F809539F2F9}.Debug|Any CPU.Build.0 = Debug|Any CPU
		{A245C415-901F-4C7D-8305-0F809539F2F9}.Release|Any CPU.ActiveCfg = Release|Any CPU
		{A245C415-901F-4C7D-8305-0F809539F2F9}.Release|Any CPU.Build.0 = Release|Any CPU
		{48E62112-606F-4128-8F66-7E7C19D97986}.Debug|Any CPU.ActiveCfg = Debug|Any CPU
		{48E62112-606F-4128-8F66-7E7C19D97986}.Debug|Any CPU.Build.0 = Debug|Any CPU
		{48E62112-606F-4128-8F66-7E7C19D97986}.Release|Any CPU.ActiveCfg = Release|Any CPU
		{48E62112-606F-4128-8F66-7E7C19D97986}.Release|Any CPU.Build.0 = Release|Any CPU
		{E8C3CDB3-FF64-445A-9F7E-FFAFE52CB8F8}.Debug|Any CPU.ActiveCfg = Debug|Any CPU
		{E8C3CDB3-FF64-445A-9F7E-FFAFE52CB8F8}.Debug|Any CPU.Build.0 = Debug|Any CPU
		{E8C3CDB3-FF64-445A-9F7E-FFAFE52CB8F8}.Release|Any CPU.ActiveCfg = Release|Any CPU
		{E8C3CDB3-FF64-445A-9F7E-FFAFE52CB8F8}.Release|Any CPU.Build.0 = Release|Any CPU
		{9529963B-0B69-4515-A286-1221436608D6}.Debug|Any CPU.ActiveCfg = Debug|Any CPU
		{9529963B-0B69-4515-A286-1221436608D6}.Debug|Any CPU.Build.0 = Debug|Any CPU
		{9529963B-0B69-4515-A286-1221436608D6}.Release|Any CPU.ActiveCfg = Release|Any CPU
		{9529963B-0B69-4515-A286-1221436608D6}.Release|Any CPU.Build.0 = Release|Any CPU
		{586D18EF-ABA4-422A-B5B7-7DE493FCF235}.Debug|Any CPU.ActiveCfg = Debug|Any CPU
		{586D18EF-ABA4-422A-B5B7-7DE493FCF235}.Debug|Any CPU.Build.0 = Debug|Any CPU
		{586D18EF-ABA4-422A-B5B7-7DE493FCF235}.Release|Any CPU.ActiveCfg = Release|Any CPU
		{586D18EF-ABA4-422A-B5B7-7DE493FCF235}.Release|Any CPU.Build.0 = Release|Any CPU
		{0464CDEC-1D9E-4557-A2E6-049DDD0B2F1C}.Debug|Any CPU.ActiveCfg = Debug|Any CPU
		{0464CDEC-1D9E-4557-A2E6-049DDD0B2F1C}.Debug|Any CPU.Build.0 = Debug|Any CPU
		{0464CDEC-1D9E-4557-A2E6-049DDD0B2F1C}.Release|Any CPU.ActiveCfg = Release|Any CPU
		{0464CDEC-1D9E-4557-A2E6-049DDD0B2F1C}.Release|Any CPU.Build.0 = Release|Any CPU
		{34368C9F-7072-4ED2-BA8C-802D513DF943}.Debug|Any CPU.ActiveCfg = Debug|Any CPU
		{34368C9F-7072-4ED2-BA8C-802D513DF943}.Debug|Any CPU.Build.0 = Debug|Any CPU
		{34368C9F-7072-4ED2-BA8C-802D513DF943}.Release|Any CPU.ActiveCfg = Release|Any CPU
		{34368C9F-7072-4ED2-BA8C-802D513DF943}.Release|Any CPU.Build.0 = Release|Any CPU
		{8D920835-E64E-4685-A770-39137B352020}.Debug|Any CPU.ActiveCfg = Debug|Any CPU
		{8D920835-E64E-4685-A770-39137B352020}.Debug|Any CPU.Build.0 = Debug|Any CPU
		{8D920835-E64E-4685-A770-39137B352020}.Release|Any CPU.ActiveCfg = Release|Any CPU
		{8D920835-E64E-4685-A770-39137B352020}.Release|Any CPU.Build.0 = Release|Any CPU
		{A68BBFC6-832B-48DE-BF66-9F23885B6501}.Debug|Any CPU.ActiveCfg = Debug|Any CPU
		{A68BBFC6-832B-48DE-BF66-9F23885B6501}.Debug|Any CPU.Build.0 = Debug|Any CPU
		{A68BBFC6-832B-48DE-BF66-9F23885B6501}.Release|Any CPU.ActiveCfg = Release|Any CPU
		{A68BBFC6-832B-48DE-BF66-9F23885B6501}.Release|Any CPU.Build.0 = Release|Any CPU
		{BE82CB66-6286-4DD2-894B-DE70BEC0FC57}.Debug|Any CPU.ActiveCfg = Debug|Any CPU
		{BE82CB66-6286-4DD2-894B-DE70BEC0FC57}.Debug|Any CPU.Build.0 = Debug|Any CPU
		{BE82CB66-6286-4DD2-894B-DE70BEC0FC57}.Release|Any CPU.ActiveCfg = Release|Any CPU
		{BE82CB66-6286-4DD2-894B-DE70BEC0FC57}.Release|Any CPU.Build.0 = Release|Any CPU
		{DE2E204D-D975-4386-A709-D684EE5F02C0}.Debug|Any CPU.ActiveCfg = Debug|Any CPU
		{DE2E204D-D975-4386-A709-D684EE5F02C0}.Debug|Any CPU.Build.0 = Debug|Any CPU
		{DE2E204D-D975-4386-A709-D684EE5F02C0}.Release|Any CPU.ActiveCfg = Release|Any CPU
		{DE2E204D-D975-4386-A709-D684EE5F02C0}.Release|Any CPU.Build.0 = Release|Any CPU
		{12693FB7-BA8F-4229-BFF2-8E0DE0BA9B00}.Debug|Any CPU.ActiveCfg = Debug|Any CPU
		{12693FB7-BA8F-4229-BFF2-8E0DE0BA9B00}.Debug|Any CPU.Build.0 = Debug|Any CPU
		{12693FB7-BA8F-4229-BFF2-8E0DE0BA9B00}.Release|Any CPU.ActiveCfg = Release|Any CPU
		{12693FB7-BA8F-4229-BFF2-8E0DE0BA9B00}.Release|Any CPU.Build.0 = Release|Any CPU
		{D3112DA4-FE9D-45BB-AF22-F8DC2F301CBE}.Debug|Any CPU.ActiveCfg = Debug|Any CPU
		{D3112DA4-FE9D-45BB-AF22-F8DC2F301CBE}.Debug|Any CPU.Build.0 = Debug|Any CPU
		{D3112DA4-FE9D-45BB-AF22-F8DC2F301CBE}.Release|Any CPU.ActiveCfg = Release|Any CPU
		{D3112DA4-FE9D-45BB-AF22-F8DC2F301CBE}.Release|Any CPU.Build.0 = Release|Any CPU
		{151E0ACC-25C6-4478-8777-E7FD38AC58B2}.Debug|Any CPU.ActiveCfg = Debug|Any CPU
		{151E0ACC-25C6-4478-8777-E7FD38AC58B2}.Debug|Any CPU.Build.0 = Debug|Any CPU
		{151E0ACC-25C6-4478-8777-E7FD38AC58B2}.Release|Any CPU.ActiveCfg = Release|Any CPU
		{151E0ACC-25C6-4478-8777-E7FD38AC58B2}.Release|Any CPU.Build.0 = Release|Any CPU
		{C78287FF-3CD4-4D9A-804C-3CFFC7D734A7}.Debug|Any CPU.ActiveCfg = Debug|Any CPU
		{C78287FF-3CD4-4D9A-804C-3CFFC7D734A7}.Debug|Any CPU.Build.0 = Debug|Any CPU
		{C78287FF-3CD4-4D9A-804C-3CFFC7D734A7}.Release|Any CPU.ActiveCfg = Release|Any CPU
		{C78287FF-3CD4-4D9A-804C-3CFFC7D734A7}.Release|Any CPU.Build.0 = Release|Any CPU
		{82EB06F7-6640-4E30-BC9F-98D5A2942AA9}.Debug|Any CPU.ActiveCfg = Debug|Any CPU
		{82EB06F7-6640-4E30-BC9F-98D5A2942AA9}.Debug|Any CPU.Build.0 = Debug|Any CPU
		{82EB06F7-6640-4E30-BC9F-98D5A2942AA9}.Release|Any CPU.ActiveCfg = Release|Any CPU
		{82EB06F7-6640-4E30-BC9F-98D5A2942AA9}.Release|Any CPU.Build.0 = Release|Any CPU
		{827558DB-B961-4E43-8283-6EFA4D01A38B}.Debug|Any CPU.ActiveCfg = Debug|Any CPU
		{827558DB-B961-4E43-8283-6EFA4D01A38B}.Debug|Any CPU.Build.0 = Debug|Any CPU
		{827558DB-B961-4E43-8283-6EFA4D01A38B}.Release|Any CPU.ActiveCfg = Release|Any CPU
		{827558DB-B961-4E43-8283-6EFA4D01A38B}.Release|Any CPU.Build.0 = Release|Any CPU
		{75FEC99D-FC85-4748-AC6C-385B805094AB}.Debug|Any CPU.ActiveCfg = Debug|Any CPU
		{75FEC99D-FC85-4748-AC6C-385B805094AB}.Debug|Any CPU.Build.0 = Debug|Any CPU
		{75FEC99D-FC85-4748-AC6C-385B805094AB}.Release|Any CPU.ActiveCfg = Release|Any CPU
		{75FEC99D-FC85-4748-AC6C-385B805094AB}.Release|Any CPU.Build.0 = Release|Any CPU
		{66C3A49E-FD8C-4DB1-85A5-11CD311C4725}.Debug|Any CPU.ActiveCfg = Debug|Any CPU
		{66C3A49E-FD8C-4DB1-85A5-11CD311C4725}.Debug|Any CPU.Build.0 = Debug|Any CPU
		{66C3A49E-FD8C-4DB1-85A5-11CD311C4725}.Release|Any CPU.ActiveCfg = Release|Any CPU
		{66C3A49E-FD8C-4DB1-85A5-11CD311C4725}.Release|Any CPU.Build.0 = Release|Any CPU
		{0AC1E79B-5876-4FB1-8BEE-1D9759F3632E}.Debug|Any CPU.ActiveCfg = Debug|Any CPU
		{0AC1E79B-5876-4FB1-8BEE-1D9759F3632E}.Debug|Any CPU.Build.0 = Debug|Any CPU
		{0AC1E79B-5876-4FB1-8BEE-1D9759F3632E}.Release|Any CPU.ActiveCfg = Release|Any CPU
		{0AC1E79B-5876-4FB1-8BEE-1D9759F3632E}.Release|Any CPU.Build.0 = Release|Any CPU
		{0FF8959F-C188-456C-B1B6-7FFD2372D2E9}.Debug|Any CPU.ActiveCfg = Debug|Any CPU
		{0FF8959F-C188-456C-B1B6-7FFD2372D2E9}.Debug|Any CPU.Build.0 = Debug|Any CPU
		{0FF8959F-C188-456C-B1B6-7FFD2372D2E9}.Release|Any CPU.ActiveCfg = Release|Any CPU
		{0FF8959F-C188-456C-B1B6-7FFD2372D2E9}.Release|Any CPU.Build.0 = Release|Any CPU
		{7F1028A1-5513-4967-8DD3-97645132AC98}.Debug|Any CPU.ActiveCfg = Debug|Any CPU
		{7F1028A1-5513-4967-8DD3-97645132AC98}.Debug|Any CPU.Build.0 = Debug|Any CPU
		{7F1028A1-5513-4967-8DD3-97645132AC98}.Release|Any CPU.ActiveCfg = Release|Any CPU
		{7F1028A1-5513-4967-8DD3-97645132AC98}.Release|Any CPU.Build.0 = Release|Any CPU
		{5B195D59-5B51-4CF5-B93F-7B375FC7E458}.Debug|Any CPU.ActiveCfg = Debug|Any CPU
		{5B195D59-5B51-4CF5-B93F-7B375FC7E458}.Debug|Any CPU.Build.0 = Debug|Any CPU
		{5B195D59-5B51-4CF5-B93F-7B375FC7E458}.Release|Any CPU.ActiveCfg = Release|Any CPU
		{5B195D59-5B51-4CF5-B93F-7B375FC7E458}.Release|Any CPU.Build.0 = Release|Any CPU
		{5249FD29-4796-401A-A071-2030EB390843}.Debug|Any CPU.ActiveCfg = Debug|Any CPU
		{5249FD29-4796-401A-A071-2030EB390843}.Debug|Any CPU.Build.0 = Debug|Any CPU
		{5249FD29-4796-401A-A071-2030EB390843}.Release|Any CPU.ActiveCfg = Release|Any CPU
		{5249FD29-4796-401A-A071-2030EB390843}.Release|Any CPU.Build.0 = Release|Any CPU
		{104D0674-333F-4753-9B7A-219CE63F5DAC}.Debug|Any CPU.ActiveCfg = Debug|Any CPU
		{104D0674-333F-4753-9B7A-219CE63F5DAC}.Debug|Any CPU.Build.0 = Debug|Any CPU
		{104D0674-333F-4753-9B7A-219CE63F5DAC}.Release|Any CPU.ActiveCfg = Debug|Any CPU
		{104D0674-333F-4753-9B7A-219CE63F5DAC}.Release|Any CPU.Build.0 = Debug|Any CPU
		{DFA9852F-5198-44B1-A5A9-AC337A73928D}.Debug|Any CPU.ActiveCfg = Debug|Any CPU
		{DFA9852F-5198-44B1-A5A9-AC337A73928D}.Debug|Any CPU.Build.0 = Debug|Any CPU
		{DFA9852F-5198-44B1-A5A9-AC337A73928D}.Release|Any CPU.ActiveCfg = Release|Any CPU
		{DFA9852F-5198-44B1-A5A9-AC337A73928D}.Release|Any CPU.Build.0 = Release|Any CPU
		{CF461D44-1CAB-4B3B-9C78-EB3BB64D1FE3}.Debug|Any CPU.ActiveCfg = Debug|Any CPU
		{CF461D44-1CAB-4B3B-9C78-EB3BB64D1FE3}.Debug|Any CPU.Build.0 = Debug|Any CPU
		{CF461D44-1CAB-4B3B-9C78-EB3BB64D1FE3}.Release|Any CPU.ActiveCfg = Release|Any CPU
		{CF461D44-1CAB-4B3B-9C78-EB3BB64D1FE3}.Release|Any CPU.Build.0 = Release|Any CPU
	EndGlobalSection
	GlobalSection(SolutionProperties) = preSolution
		HideSolutionNode = FALSE
	EndGlobalSection
	GlobalSection(NestedProjects) = preSolution
		{DCCAB99F-2853-49C8-9460-9F9388861356} = {C5DF69D5-9A9A-4C70-AD66-B3155AB4031C}
		{B230458E-480A-41CA-A7D2-408E4AB65A99} = {DCCAB99F-2853-49C8-9460-9F9388861356}
		{A245C415-901F-4C7D-8305-0F809539F2F9} = {6BE9936B-0B63-4AF5-82E6-EBD1927861CB}
		{48E62112-606F-4128-8F66-7E7C19D97986} = {6BE9936B-0B63-4AF5-82E6-EBD1927861CB}
		{B9B0770D-CEEB-4F43-A116-39678D36925B} = {C5DF69D5-9A9A-4C70-AD66-B3155AB4031C}
		{E8C3CDB3-FF64-445A-9F7E-FFAFE52CB8F8} = {B9B0770D-CEEB-4F43-A116-39678D36925B}
		{9529963B-0B69-4515-A286-1221436608D6} = {6BE9936B-0B63-4AF5-82E6-EBD1927861CB}
		{CB127B69-53A8-4D10-9425-41741160C618} = {C5DF69D5-9A9A-4C70-AD66-B3155AB4031C}
		{586D18EF-ABA4-422A-B5B7-7DE493FCF235} = {CB127B69-53A8-4D10-9425-41741160C618}
		{0464CDEC-1D9E-4557-A2E6-049DDD0B2F1C} = {6BE9936B-0B63-4AF5-82E6-EBD1927861CB}
		{09A92EBA-9EEC-4468-AA94-D4C914765716} = {C5DF69D5-9A9A-4C70-AD66-B3155AB4031C}
		{34368C9F-7072-4ED2-BA8C-802D513DF943} = {09A92EBA-9EEC-4468-AA94-D4C914765716}
		{8D920835-E64E-4685-A770-39137B352020} = {09A92EBA-9EEC-4468-AA94-D4C914765716}
		{A68BBFC6-832B-48DE-BF66-9F23885B6501} = {6BE9936B-0B63-4AF5-82E6-EBD1927861CB}
		{BE82CB66-6286-4DD2-894B-DE70BEC0FC57} = {B9B0770D-CEEB-4F43-A116-39678D36925B}
		{6A67294B-6348-45C3-B7FD-BDFACCFAA5AE} = {DA43FA6E-E267-4280-956B-2ABC6637F24D}
		{DE2E204D-D975-4386-A709-D684EE5F02C0} = {6A67294B-6348-45C3-B7FD-BDFACCFAA5AE}
		{45B4E78B-BFA0-4133-9548-B8490CEB59F2} = {51D193B7-03C4-4626-9A1F-42EEF5563784}
		{12693FB7-BA8F-4229-BFF2-8E0DE0BA9B00} = {45B4E78B-BFA0-4133-9548-B8490CEB59F2}
		{D3112DA4-FE9D-45BB-AF22-F8DC2F301CBE} = {DCCAB99F-2853-49C8-9460-9F9388861356}
		{1E241E44-7E09-4C1F-96ED-4D573B09E4F3} = {51D193B7-03C4-4626-9A1F-42EEF5563784}
		{F3319603-802F-4267-8FBA-D78A0A5F59A2} = {51D193B7-03C4-4626-9A1F-42EEF5563784}
		{151E0ACC-25C6-4478-8777-E7FD38AC58B2} = {F3319603-802F-4267-8FBA-D78A0A5F59A2}
		{C78287FF-3CD4-4D9A-804C-3CFFC7D734A7} = {F3319603-802F-4267-8FBA-D78A0A5F59A2}
		{82EB06F7-6640-4E30-BC9F-98D5A2942AA9} = {1E241E44-7E09-4C1F-96ED-4D573B09E4F3}
		{B6F387B1-61F1-48E4-AFEC-FFA5438BD2F5} = {51D193B7-03C4-4626-9A1F-42EEF5563784}
		{827558DB-B961-4E43-8283-6EFA4D01A38B} = {B6F387B1-61F1-48E4-AFEC-FFA5438BD2F5}
		{75FEC99D-FC85-4748-AC6C-385B805094AB} = {1E241E44-7E09-4C1F-96ED-4D573B09E4F3}
		{66C3A49E-FD8C-4DB1-85A5-11CD311C4725} = {45B4E78B-BFA0-4133-9548-B8490CEB59F2}
		{0AC1E79B-5876-4FB1-8BEE-1D9759F3632E} = {09A92EBA-9EEC-4468-AA94-D4C914765716}
		{0FF8959F-C188-456C-B1B6-7FFD2372D2E9} = {1E241E44-7E09-4C1F-96ED-4D573B09E4F3}
		{7F1028A1-5513-4967-8DD3-97645132AC98} = {1E241E44-7E09-4C1F-96ED-4D573B09E4F3}
		{5B195D59-5B51-4CF5-B93F-7B375FC7E458} = {09A92EBA-9EEC-4468-AA94-D4C914765716}
		{5249FD29-4796-401A-A071-2030EB390843} = {5E5CE1C1-6A87-4255-9040-A827FE8EC89A}
		{104D0674-333F-4753-9B7A-219CE63F5DAC} = {AB8BEFDB-0303-4129-9680-7BCC602A7D78}
		{CF461D44-1CAB-4B3B-9C78-EB3BB64D1FE3} = {DCCAB99F-2853-49C8-9460-9F9388861356}
	EndGlobalSection
	GlobalSection(ExtensibilityGlobals) = postSolution
		SolutionGuid = {22B318D3-D81C-410A-BBFE-A97BE51B54B2}
	EndGlobalSection
EndGlobal
